
Microsoft Visual Studio Solution File, Format Version 12.00
# Visual Studio Version 17
VisualStudioVersion = 17.0.31903.59
MinimumVisualStudioVersion = 10.0.40219.1
Project("{FAE04EC0-301F-11D3-BF4B-00C04F79EFBC}") = "timeZoneStore.API", "timeZoneStore.API\timeZoneStore.API.csproj", "{F8D56D15-5A21-47BE-BBCD-05C807E0BD75}"
EndProject
Project("{FAE04EC0-301F-11D3-BF4B-00C04F79EFBC}") = "timeZoneStore.API.Test", "timeZoneStore.API.Test\timeZoneStore.API.Test.csproj", "{10600EC2-604F-4E0B-A256-37607EBC74B2}"
EndProject
Global
	GlobalSection(SolutionConfigurationPlatforms) = preSolution
		Debug|Any CPU = Debug|Any CPU
		Release|Any CPU = Release|Any CPU
	EndGlobalSection
	GlobalSection(SolutionProperties) = preSolution
		HideSolutionNode = FALSE
	EndGlobalSection
	GlobalSection(ProjectConfigurationPlatforms) = postSolution
		{F8D56D15-5A21-47BE-BBCD-05C807E0BD75}.Debug|Any CPU.ActiveCfg = Debug|Any CPU
		{F8D56D15-5A21-47BE-BBCD-05C807E0BD75}.Debug|Any CPU.Build.0 = Debug|Any CPU
		{F8D56D15-5A21-47BE-BBCD-05C807E0BD75}.Release|Any CPU.ActiveCfg = Release|Any CPU
		{F8D56D15-5A21-47BE-BBCD-05C807E0BD75}.Release|Any CPU.Build.0 = Release|Any CPU
		{10600EC2-604F-4E0B-A256-37607EBC74B2}.Debug|Any CPU.ActiveCfg = Debug|Any CPU
		{10600EC2-604F-4E0B-A256-37607EBC74B2}.Debug|Any CPU.Build.0 = Debug|Any CPU
		{10600EC2-604F-4E0B-A256-37607EBC74B2}.Release|Any CPU.ActiveCfg = Release|Any CPU
		{10600EC2-604F-4E0B-A256-37607EBC74B2}.Release|Any CPU.Build.0 = Release|Any CPU
	EndGlobalSection
EndGlobal
