
Microsoft Visual Studio Solution File, Format Version 12.00
# Visual Studio Version 17
VisualStudioVersion = 17.5.002.0
MinimumVisualStudioVersion = 10.0.40219.1
Project("{9A19103F-16F7-4668-BE54-9A1E7A4F7556}") = "StudentApi", "StudentApi.csproj", "{7A0B08E3-461F-40A0-B634-DF5F91BB8BB3}"
EndProject
Project("{FAE04EC0-301F-11D3-BF4B-00C04F79EFBC}") = "TimePacketApi", "..\TimePacketApi\TimePacketApi.csproj", "{46FADB38-D332-4183-9B81-BC20E04E2129}"
EndProject
Global
	GlobalSection(SolutionConfigurationPlatforms) = preSolution
		Debug|Any CPU = Debug|Any CPU
		Release|Any CPU = Release|Any CPU
	EndGlobalSection
	GlobalSection(ProjectConfigurationPlatforms) = postSolution
		{7A0B08E3-461F-40A0-B634-DF5F91BB8BB3}.Debug|Any CPU.ActiveCfg = Debug|Any CPU
		{7A0B08E3-461F-40A0-B634-DF5F91BB8BB3}.Debug|Any CPU.Build.0 = Debug|Any CPU
		{7A0B08E3-461F-40A0-B634-DF5F91BB8BB3}.Release|Any CPU.ActiveCfg = Release|Any CPU
		{7A0B08E3-461F-40A0-B634-DF5F91BB8BB3}.Release|Any CPU.Build.0 = Release|Any CPU
		{46FADB38-D332-4183-9B81-BC20E04E2129}.Debug|Any CPU.ActiveCfg = Debug|Any CPU
		{46FADB38-D332-4183-9B81-BC20E04E2129}.Debug|Any CPU.Build.0 = Debug|Any CPU
		{46FADB38-D332-4183-9B81-BC20E04E2129}.Release|Any CPU.ActiveCfg = Release|Any CPU
		{46FADB38-D332-4183-9B81-BC20E04E2129}.Release|Any CPU.Build.0 = Release|Any CPU
	EndGlobalSection
	GlobalSection(SolutionProperties) = preSolution
		HideSolutionNode = FALSE
	EndGlobalSection
	GlobalSection(ExtensibilityGlobals) = postSolution
		SolutionGuid = {FA4CF759-744D-4C2C-83F9-35B2B133F6AE}
	EndGlobalSection
EndGlobal
